
Microsoft Visual Studio Solution File, Format Version 12.00
# Visual Studio Version 16
VisualStudioVersion = 16.0.30114.105
MinimumVisualStudioVersion = 10.0.40219.1
Project("{FAE04EC0-301F-11D3-BF4B-00C04F79EFBC}") = "ChartExCore", "Core\ChartExCore.csproj", "{C00E3F19-6B89-48DA-8B31-B91C4F6F33E0}"
EndProject
Project("{FAE04EC0-301F-11D3-BF4B-00C04F79EFBC}") = "ChartExWin", "WinForms\ChartExWin.csproj", "{0F9B4A9E-1127-4D46-BC86-011AC6B3EAF1}"
EndProject
Project("{FAE04EC0-301F-11D3-BF4B-00C04F79EFBC}") = "ChartExWpf", "Wpf\ChartExWpf.csproj", "{FFDB1C57-71A2-4774-A527-8B4AAA179728}"
EndProject
Global
	GlobalSection(SolutionConfigurationPlatforms) = preSolution
		Debug|Any CPU = Debug|Any CPU
		Release|Any CPU = Release|Any CPU
	EndGlobalSection
	GlobalSection(ProjectConfigurationPlatforms) = postSolution
		{0F9B4A9E-1127-4D46-BC86-011AC6B3EAF1}.Debug|Any CPU.ActiveCfg = Debug|Any CPU
		{0F9B4A9E-1127-4D46-BC86-011AC6B3EAF1}.Debug|Any CPU.Build.0 = Debug|Any CPU
		{0F9B4A9E-1127-4D46-BC86-011AC6B3EAF1}.Release|Any CPU.ActiveCfg = Release|Any CPU
		{0F9B4A9E-1127-4D46-BC86-011AC6B3EAF1}.Release|Any CPU.Build.0 = Release|Any CPU
		{C00E3F19-6B89-48DA-8B31-B91C4F6F33E0}.Debug|Any CPU.ActiveCfg = Debug|Any CPU
		{C00E3F19-6B89-48DA-8B31-B91C4F6F33E0}.Debug|Any CPU.Build.0 = Debug|Any CPU
		{C00E3F19-6B89-48DA-8B31-B91C4F6F33E0}.Release|Any CPU.ActiveCfg = Release|Any CPU
		{C00E3F19-6B89-48DA-8B31-B91C4F6F33E0}.Release|Any CPU.Build.0 = Release|Any CPU
		{FFDB1C57-71A2-4774-A527-8B4AAA179728}.Debug|Any CPU.ActiveCfg = Debug|Any CPU
		{FFDB1C57-71A2-4774-A527-8B4AAA179728}.Debug|Any CPU.Build.0 = Debug|Any CPU
		{FFDB1C57-71A2-4774-A527-8B4AAA179728}.Release|Any CPU.ActiveCfg = Release|Any CPU
		{FFDB1C57-71A2-4774-A527-8B4AAA179728}.Release|Any CPU.Build.0 = Release|Any CPU
	EndGlobalSection
	GlobalSection(SolutionProperties) = preSolution
		HideSolutionNode = FALSE
	EndGlobalSection
	GlobalSection(ExtensibilityGlobals) = postSolution
		SolutionGuid = {3193F52F-A9B3-463A-82B7-A6AFB2DF64EE}
	EndGlobalSection
EndGlobal
